
Microsoft Visual Studio Solution File, Format Version 12.00
# Visual Studio 15
Project("{8BC9CEB8-8B4A-11D0-8D11-00A0C91BC942}") = "ALL_BUILD", "ALL_BUILD.vcxproj", "{759E7F62-4C8D-3748-B7E5-C99E7B2A2487}"
	ProjectSection(ProjectDependencies) = postProject
		{22EF7511-25D9-30A6-9C2E-9FB80F89078E} = {22EF7511-25D9-30A6-9C2E-9FB80F89078E}
		{85BA43C1-FEF4-3B52-AAEE-CBBCC93155E3} = {85BA43C1-FEF4-3B52-AAEE-CBBCC93155E3}
	EndProjectSection
EndProject
Project("{8BC9CEB8-8B4A-11D0-8D11-00A0C91BC942}") = "Dummydll", "Dummydll.vcxproj", "{22EF7511-25D9-30A6-9C2E-9FB80F89078E}"
	ProjectSection(ProjectDependencies) = postProject
		{85BA43C1-FEF4-3B52-AAEE-CBBCC93155E3} = {85BA43C1-FEF4-3B52-AAEE-CBBCC93155E3}
	EndProjectSection
EndProject
Project("{8BC9CEB8-8B4A-11D0-8D11-00A0C91BC942}") = "ZERO_CHECK", "ZERO_CHECK.vcxproj", "{85BA43C1-FEF4-3B52-AAEE-CBBCC93155E3}"
	ProjectSection(ProjectDependencies) = postProject
	EndProjectSection
EndProject
Global
	GlobalSection(SolutionConfigurationPlatforms) = preSolution
		Debug|Win32 = Debug|Win32
		Release|Win32 = Release|Win32
		MinSizeRel|Win32 = MinSizeRel|Win32
		RelWithDebInfo|Win32 = RelWithDebInfo|Win32
	EndGlobalSection
	GlobalSection(ProjectConfigurationPlatforms) = postSolution
		{759E7F62-4C8D-3748-B7E5-C99E7B2A2487}.Debug|Win32.ActiveCfg = Debug|Win32
		{759E7F62-4C8D-3748-B7E5-C99E7B2A2487}.Release|Win32.ActiveCfg = Release|Win32
		{759E7F62-4C8D-3748-B7E5-C99E7B2A2487}.MinSizeRel|Win32.ActiveCfg = MinSizeRel|Win32
		{759E7F62-4C8D-3748-B7E5-C99E7B2A2487}.RelWithDebInfo|Win32.ActiveCfg = RelWithDebInfo|Win32
		{22EF7511-25D9-30A6-9C2E-9FB80F89078E}.Debug|Win32.ActiveCfg = Debug|Win32
		{22EF7511-25D9-30A6-9C2E-9FB80F89078E}.Debug|Win32.Build.0 = Debug|Win32
		{22EF7511-25D9-30A6-9C2E-9FB80F89078E}.Release|Win32.ActiveCfg = Release|Win32
		{22EF7511-25D9-30A6-9C2E-9FB80F89078E}.Release|Win32.Build.0 = Release|Win32
		{22EF7511-25D9-30A6-9C2E-9FB80F89078E}.MinSizeRel|Win32.ActiveCfg = MinSizeRel|Win32
		{22EF7511-25D9-30A6-9C2E-9FB80F89078E}.MinSizeRel|Win32.Build.0 = MinSizeRel|Win32
		{22EF7511-25D9-30A6-9C2E-9FB80F89078E}.RelWithDebInfo|Win32.ActiveCfg = RelWithDebInfo|Win32
		{22EF7511-25D9-30A6-9C2E-9FB80F89078E}.RelWithDebInfo|Win32.Build.0 = RelWithDebInfo|Win32
		{85BA43C1-FEF4-3B52-AAEE-CBBCC93155E3}.Debug|Win32.ActiveCfg = Debug|Win32
		{85BA43C1-FEF4-3B52-AAEE-CBBCC93155E3}.Debug|Win32.Build.0 = Debug|Win32
		{85BA43C1-FEF4-3B52-AAEE-CBBCC93155E3}.Release|Win32.ActiveCfg = Release|Win32
		{85BA43C1-FEF4-3B52-AAEE-CBBCC93155E3}.Release|Win32.Build.0 = Release|Win32
		{85BA43C1-FEF4-3B52-AAEE-CBBCC93155E3}.MinSizeRel|Win32.ActiveCfg = MinSizeRel|Win32
		{85BA43C1-FEF4-3B52-AAEE-CBBCC93155E3}.MinSizeRel|Win32.Build.0 = MinSizeRel|Win32
		{85BA43C1-FEF4-3B52-AAEE-CBBCC93155E3}.RelWithDebInfo|Win32.ActiveCfg = RelWithDebInfo|Win32
		{85BA43C1-FEF4-3B52-AAEE-CBBCC93155E3}.RelWithDebInfo|Win32.Build.0 = RelWithDebInfo|Win32
	EndGlobalSection
	GlobalSection(ExtensibilityGlobals) = postSolution
		SolutionGuid = {2F2A2AC6-D0E8-385E-8C7F-64AAD9571A44}
	EndGlobalSection
	GlobalSection(ExtensibilityAddIns) = postSolution
	EndGlobalSection
EndGlobal
