<?xml version="1.0" encoding="utf-8"?>
<Project ToolsVersion="15.0" xmlns="http://schemas.microsoft.com/developer/msbuild/2003">
  <ItemGroup>
    <CustomBuild Include="C:\dev\dummydll\CMakeFiles\52bf3e9950cb8982f5792f4eff7b954e\generate.stamp.rule">
      <Filter>CMake Rules</Filter>
    </CustomBuild>
  </ItemGroup>
  <ItemGroup>
    <Filter Include="CMake Rules">
      <UniqueIdentifier>{DC4229ED-7039-3DAB-A359-224A79D06828}</UniqueIdentifier>
    </Filter>
  </ItemGroup>
</Project>
